
Microsoft Visual Studio Solution File, Format Version 12.00
# Visual Studio Version 17
VisualStudioVersion = 17.11.35312.102
MinimumVisualStudioVersion = 10.0.40219.1
Project("{9A19103F-16F7-4668-BE54-9A1E7A4F7556}") = "iron-revolution-center-api", "iron-revolution-center-api\iron-revolution-center-api.csproj", "{3BE0F51E-0616-4418-B286-EDCCBE5648C5}"
	ProjectSection(ProjectDependencies) = postProject
		{553B9F67-69F9-4DCC-A9AF-DF56377875E3} = {553B9F67-69F9-4DCC-A9AF-DF56377875E3}
		{9687ADC7-6F34-443F-B285-CFBDC5D82D39} = {9687ADC7-6F34-443F-B285-CFBDC5D82D39}
		{B22C74A8-E72A-4262-908C-98EE071165F2} = {B22C74A8-E72A-4262-908C-98EE071165F2}
	EndProjectSection
EndProject
Project("{9A19103F-16F7-4668-BE54-9A1E7A4F7556}") = "iron-revolution-center-api.Data", "iron-revolution-center-api.Data\iron-revolution-center-api.Data.csproj", "{553B9F67-69F9-4DCC-A9AF-DF56377875E3}"
	ProjectSection(ProjectDependencies) = postProject
		{9687ADC7-6F34-443F-B285-CFBDC5D82D39} = {9687ADC7-6F34-443F-B285-CFBDC5D82D39}
		{B22C74A8-E72A-4262-908C-98EE071165F2} = {B22C74A8-E72A-4262-908C-98EE071165F2}
	EndProjectSection
EndProject
Project("{9A19103F-16F7-4668-BE54-9A1E7A4F7556}") = "iron-revolution-center-api.DTOs", "iron-revolution-center-api.DTOs\iron-revolution-center-api.DTOs.csproj", "{B22C74A8-E72A-4262-908C-98EE071165F2}"
EndProject
Project("{9A19103F-16F7-4668-BE54-9A1E7A4F7556}") = "iron-revolution-center-api.Models", "iron-revolution-center-api.Models\iron-revolution-center-api.Models.csproj", "{9687ADC7-6F34-443F-B285-CFBDC5D82D39}"
EndProject
Global
	GlobalSection(SolutionConfigurationPlatforms) = preSolution
		Debug|Any CPU = Debug|Any CPU
		Release|Any CPU = Release|Any CPU
	EndGlobalSection
	GlobalSection(ProjectConfigurationPlatforms) = postSolution
		{3BE0F51E-0616-4418-B286-EDCCBE5648C5}.Debug|Any CPU.ActiveCfg = Debug|Any CPU
		{3BE0F51E-0616-4418-B286-EDCCBE5648C5}.Debug|Any CPU.Build.0 = Debug|Any CPU
		{3BE0F51E-0616-4418-B286-EDCCBE5648C5}.Release|Any CPU.ActiveCfg = Release|Any CPU
		{3BE0F51E-0616-4418-B286-EDCCBE5648C5}.Release|Any CPU.Build.0 = Release|Any CPU
		{553B9F67-69F9-4DCC-A9AF-DF56377875E3}.Debug|Any CPU.ActiveCfg = Debug|Any CPU
		{553B9F67-69F9-4DCC-A9AF-DF56377875E3}.Debug|Any CPU.Build.0 = Debug|Any CPU
		{553B9F67-69F9-4DCC-A9AF-DF56377875E3}.Release|Any CPU.ActiveCfg = Release|Any CPU
		{553B9F67-69F9-4DCC-A9AF-DF56377875E3}.Release|Any CPU.Build.0 = Release|Any CPU
		{B22C74A8-E72A-4262-908C-98EE071165F2}.Debug|Any CPU.ActiveCfg = Debug|Any CPU
		{B22C74A8-E72A-4262-908C-98EE071165F2}.Debug|Any CPU.Build.0 = Debug|Any CPU
		{B22C74A8-E72A-4262-908C-98EE071165F2}.Release|Any CPU.ActiveCfg = Release|Any CPU
		{B22C74A8-E72A-4262-908C-98EE071165F2}.Release|Any CPU.Build.0 = Release|Any CPU
		{9687ADC7-6F34-443F-B285-CFBDC5D82D39}.Debug|Any CPU.ActiveCfg = Debug|Any CPU
		{9687ADC7-6F34-443F-B285-CFBDC5D82D39}.Debug|Any CPU.Build.0 = Debug|Any CPU
		{9687ADC7-6F34-443F-B285-CFBDC5D82D39}.Release|Any CPU.ActiveCfg = Release|Any CPU
		{9687ADC7-6F34-443F-B285-CFBDC5D82D39}.Release|Any CPU.Build.0 = Release|Any CPU
	EndGlobalSection
	GlobalSection(SolutionProperties) = preSolution
		HideSolutionNode = FALSE
	EndGlobalSection
	GlobalSection(ExtensibilityGlobals) = postSolution
		SolutionGuid = {D516737B-E706-4579-8016-040AE795CF8D}
	EndGlobalSection
EndGlobal
